
Microsoft Visual Studio Solution File, Format Version 12.00
# Visual Studio Version 16
VisualStudioVersion = 16.0.31005.135
MinimumVisualStudioVersion = 10.0.40219.1
Project("{9A19103F-16F7-4668-BE54-9A1E7A4F7556}") = "TransactionMicroservice", "TransactionMicroservice\TransactionMicroservice.csproj", "{91D64F0C-340D-49A9-89BA-A70D79B0C080}"
EndProject
Project("{9A19103F-16F7-4668-BE54-9A1E7A4F7556}") = "TransactionTestProject", "TransactionTestProject\TransactionTestProject.csproj", "{6BA06A68-AE43-4AC9-AC6F-EE80869C80D7}"
EndProject
Global
	GlobalSection(SolutionConfigurationPlatforms) = preSolution
		Debug|Any CPU = Debug|Any CPU
		Release|Any CPU = Release|Any CPU
	EndGlobalSection
	GlobalSection(ProjectConfigurationPlatforms) = postSolution
		{91D64F0C-340D-49A9-89BA-A70D79B0C080}.Debug|Any CPU.ActiveCfg = Debug|Any CPU
		{91D64F0C-340D-49A9-89BA-A70D79B0C080}.Debug|Any CPU.Build.0 = Debug|Any CPU
		{91D64F0C-340D-49A9-89BA-A70D79B0C080}.Release|Any CPU.ActiveCfg = Release|Any CPU
		{91D64F0C-340D-49A9-89BA-A70D79B0C080}.Release|Any CPU.Build.0 = Release|Any CPU
		{6BA06A68-AE43-4AC9-AC6F-EE80869C80D7}.Debug|Any CPU.ActiveCfg = Debug|Any CPU
		{6BA06A68-AE43-4AC9-AC6F-EE80869C80D7}.Debug|Any CPU.Build.0 = Debug|Any CPU
		{6BA06A68-AE43-4AC9-AC6F-EE80869C80D7}.Release|Any CPU.ActiveCfg = Release|Any CPU
		{6BA06A68-AE43-4AC9-AC6F-EE80869C80D7}.Release|Any CPU.Build.0 = Release|Any CPU
	EndGlobalSection
	GlobalSection(SolutionProperties) = preSolution
		HideSolutionNode = FALSE
	EndGlobalSection
	GlobalSection(ExtensibilityGlobals) = postSolution
		SolutionGuid = {78135DB9-4A1F-4174-8ADE-5BE9E83B07DB}
	EndGlobalSection
EndGlobal
